
Microsoft Visual Studio Solution File, Format Version 12.00
# Visual Studio Version 17
VisualStudioVersion = 17.6.33723.286
MinimumVisualStudioVersion = 10.0.40219.1
Project("{FAE04EC0-301F-11D3-BF4B-00C04F79EFBC}") = "MMORPG-API", "MMORPG-API.csproj", "{B6738EC0-6EC6-4661-9C14-6FAC09479C7F}"
EndProject
Global
	GlobalSection(SolutionConfigurationPlatforms) = preSolution
		Debug|Any CPU = Debug|Any CPU
		Release|Any CPU = Release|Any CPU
	EndGlobalSection
	GlobalSection(ProjectConfigurationPlatforms) = postSolution
		{B6738EC0-6EC6-4661-9C14-6FAC09479C7F}.Debug|Any CPU.ActiveCfg = Debug|Any CPU
		{B6738EC0-6EC6-4661-9C14-6FAC09479C7F}.Debug|Any CPU.Build.0 = Debug|Any CPU
		{B6738EC0-6EC6-4661-9C14-6FAC09479C7F}.Release|Any CPU.ActiveCfg = Release|Any CPU
		{B6738EC0-6EC6-4661-9C14-6FAC09479C7F}.Release|Any CPU.Build.0 = Release|Any CPU
	EndGlobalSection
	GlobalSection(SolutionProperties) = preSolution
		HideSolutionNode = FALSE
	EndGlobalSection
	GlobalSection(ExtensibilityGlobals) = postSolution
		SolutionGuid = {3D265F92-4F0B-4916-9627-152FB38A6542}
	EndGlobalSection
EndGlobal
